
Microsoft Visual Studio Solution File, Format Version 12.00
# Visual Studio Version 17
VisualStudioVersion = 17.4.33213.308
MinimumVisualStudioVersion = 10.0.40219.1
Project("{FAE04EC0-301F-11D3-BF4B-00C04F79EFBC}") = "Client", "Client\Client.csproj", "{C82C33E0-0837-4E97-A8E3-A42EDD9F3D2B}"
EndProject
Project("{FAE04EC0-301F-11D3-BF4B-00C04F79EFBC}") = "Models", "Models\Models.csproj", "{B3C126E8-FF2B-43F5-B128-098F19A4C118}"
EndProject
Project("{FAE04EC0-301F-11D3-BF4B-00C04F79EFBC}") = "Logic", "Logic\Logic.csproj", "{C880B6BB-4FDC-48E7-86D9-0D498A03957D}"
EndProject
Project("{FAE04EC0-301F-11D3-BF4B-00C04F79EFBC}") = "ImageService", "ImageService\ImageService.csproj", "{71C33A9A-7190-4A43-8107-9E17C80C94D8}"
EndProject
Global
	GlobalSection(SolutionConfigurationPlatforms) = preSolution
		Debug|Any CPU = Debug|Any CPU
		Release|Any CPU = Release|Any CPU
	EndGlobalSection
	GlobalSection(ProjectConfigurationPlatforms) = postSolution
		{C82C33E0-0837-4E97-A8E3-A42EDD9F3D2B}.Debug|Any CPU.ActiveCfg = Debug|Any CPU
		{C82C33E0-0837-4E97-A8E3-A42EDD9F3D2B}.Debug|Any CPU.Build.0 = Debug|Any CPU
		{C82C33E0-0837-4E97-A8E3-A42EDD9F3D2B}.Release|Any CPU.ActiveCfg = Release|Any CPU
		{C82C33E0-0837-4E97-A8E3-A42EDD9F3D2B}.Release|Any CPU.Build.0 = Release|Any CPU
		{B3C126E8-FF2B-43F5-B128-098F19A4C118}.Debug|Any CPU.ActiveCfg = Debug|Any CPU
		{B3C126E8-FF2B-43F5-B128-098F19A4C118}.Debug|Any CPU.Build.0 = Debug|Any CPU
		{B3C126E8-FF2B-43F5-B128-098F19A4C118}.Release|Any CPU.ActiveCfg = Release|Any CPU
		{B3C126E8-FF2B-43F5-B128-098F19A4C118}.Release|Any CPU.Build.0 = Release|Any CPU
		{C880B6BB-4FDC-48E7-86D9-0D498A03957D}.Debug|Any CPU.ActiveCfg = Debug|Any CPU
		{C880B6BB-4FDC-48E7-86D9-0D498A03957D}.Debug|Any CPU.Build.0 = Debug|Any CPU
		{C880B6BB-4FDC-48E7-86D9-0D498A03957D}.Release|Any CPU.ActiveCfg = Release|Any CPU
		{C880B6BB-4FDC-48E7-86D9-0D498A03957D}.Release|Any CPU.Build.0 = Release|Any CPU
		{71C33A9A-7190-4A43-8107-9E17C80C94D8}.Debug|Any CPU.ActiveCfg = Debug|Any CPU
		{71C33A9A-7190-4A43-8107-9E17C80C94D8}.Debug|Any CPU.Build.0 = Debug|Any CPU
		{71C33A9A-7190-4A43-8107-9E17C80C94D8}.Release|Any CPU.ActiveCfg = Release|Any CPU
		{71C33A9A-7190-4A43-8107-9E17C80C94D8}.Release|Any CPU.Build.0 = Release|Any CPU
	EndGlobalSection
	GlobalSection(SolutionProperties) = preSolution
		HideSolutionNode = FALSE
	EndGlobalSection
	GlobalSection(ExtensibilityGlobals) = postSolution
		SolutionGuid = {13BB39F4-6D3B-4ACC-B151-015F8858AAFE}
	EndGlobalSection
EndGlobal
